// !$*UTF8*$!
{
	archiveVersion = 1;
	classes = {
	};
	objectVersion = 51;
	objects = {

/* Begin PBXBuildFile section */
		13D7CF6F142369E88BE96BB8 /* Pods_Messenger.framework in Frameworks */ = {isa = PBXBuildFile; fileRef = D931274060E3DE361AF45555 /* Pods_Messenger.framework */; };
		CE17CD2B24BF0D24006E8407 /* AppDelegate.swift in Sources */ = {isa = PBXBuildFile; fileRef = CE17CD2A24BF0D24006E8407 /* AppDelegate.swift */; };
		CE17CD2D24BF0D24006E8407 /* SceneDelegate.swift in Sources */ = {isa = PBXBuildFile; fileRef = CE17CD2C24BF0D24006E8407 /* SceneDelegate.swift */; };
		CE17CD2F24BF0D24006E8407 /* ConversationsViewController.swift in Sources */ = {isa = PBXBuildFile; fileRef = CE17CD2E24BF0D24006E8407 /* ConversationsViewController.swift */; };
		CE17CD3224BF0D24006E8407 /* Main.storyboard in Resources */ = {isa = PBXBuildFile; fileRef = CE17CD3024BF0D24006E8407 /* Main.storyboard */; };
		CE17CD3424BF0D26006E8407 /* Assets.xcassets in Resources */ = {isa = PBXBuildFile; fileRef = CE17CD3324BF0D26006E8407 /* Assets.xcassets */; };
		CE17CD3724BF0D26006E8407 /* LaunchScreen.storyboard in Resources */ = {isa = PBXBuildFile; fileRef = CE17CD3524BF0D26006E8407 /* LaunchScreen.storyboard */; };
		CE17CD4524BF1299006E8407 /* LoginViewController.swift in Sources */ = {isa = PBXBuildFile; fileRef = CE17CD4424BF1299006E8407 /* LoginViewController.swift */; };
		CE17CD4724BF12AD006E8407 /* RegisterViewController.swift in Sources */ = {isa = PBXBuildFile; fileRef = CE17CD4624BF12AD006E8407 /* RegisterViewController.swift */; };
		CE17CD4924BF12E6006E8407 /* PhotoViewerViewController.swift in Sources */ = {isa = PBXBuildFile; fileRef = CE17CD4824BF12E6006E8407 /* PhotoViewerViewController.swift */; };
		CE17CD4B24BF12FD006E8407 /* VideoPlayerViewController.swift in Sources */ = {isa = PBXBuildFile; fileRef = CE17CD4A24BF12FD006E8407 /* VideoPlayerViewController.swift */; };
		CE17CD4D24BF1321006E8407 /* NewConversationViewController.swift in Sources */ = {isa = PBXBuildFile; fileRef = CE17CD4C24BF1321006E8407 /* NewConversationViewController.swift */; };
		CE17CD4F24BF132F006E8407 /* ProfileViewController.swift in Sources */ = {isa = PBXBuildFile; fileRef = CE17CD4E24BF132F006E8407 /* ProfileViewController.swift */; };
		CE17CD5224BF44B5006E8407 /* Extensions.swift in Sources */ = {isa = PBXBuildFile; fileRef = CE17CD5124BF44B5006E8407 /* Extensions.swift */; };
		CE17CD5424C1CDC5006E8407 /* GoogleService-Info.plist in Resources */ = {isa = PBXBuildFile; fileRef = CE17CD5324C1CDC5006E8407 /* GoogleService-Info.plist */; };
		CE51AC0624C95C080009DB25 /* ChatViewController.swift in Sources */ = {isa = PBXBuildFile; fileRef = CE51AC0524C95C080009DB25 /* ChatViewController.swift */; };
		CE57161924C2EF2A004AD0C1 /* DatabaseManager.swift in Sources */ = {isa = PBXBuildFile; fileRef = CE57161824C2EF2A004AD0C1 /* DatabaseManager.swift */; };
/* End PBXBuildFile section */

/* Begin PBXFileReference section */
		5767FBB5EE722B5D181E0D67 /* Pods-Messenger.release.xcconfig */ = {isa = PBXFileReference; includeInIndex = 1; lastKnownFileType = text.xcconfig; name = "Pods-Messenger.release.xcconfig"; path = "Target Support Files/Pods-Messenger/Pods-Messenger.release.xcconfig"; sourceTree = "<group>"; };
		91531FF97BB60BFAD221682A /* Pods-Messenger.debug.xcconfig */ = {isa = PBXFileReference; includeInIndex = 1; lastKnownFileType = text.xcconfig; name = "Pods-Messenger.debug.xcconfig"; path = "Target Support Files/Pods-Messenger/Pods-Messenger.debug.xcconfig"; sourceTree = "<group>"; };
		CE17CD2724BF0D24006E8407 /* Messenger.app */ = {isa = PBXFileReference; explicitFileType = wrapper.application; includeInIndex = 0; path = Messenger.app; sourceTree = BUILT_PRODUCTS_DIR; };
		CE17CD2A24BF0D24006E8407 /* AppDelegate.swift */ = {isa = PBXFileReference; lastKnownFileType = sourcecode.swift; path = AppDelegate.swift; sourceTree = "<group>"; };
		CE17CD2C24BF0D24006E8407 /* SceneDelegate.swift */ = {isa = PBXFileReference; lastKnownFileType = sourcecode.swift; path = SceneDelegate.swift; sourceTree = "<group>"; };
		CE17CD2E24BF0D24006E8407 /* ConversationsViewController.swift */ = {isa = PBXFileReference; lastKnownFileType = sourcecode.swift; path = ConversationsViewController.swift; sourceTree = "<group>"; };
		CE17CD3124BF0D24006E8407 /* Base */ = {isa = PBXFileReference; lastKnownFileType = file.storyboard; name = Base; path = Base.lproj/Main.storyboard; sourceTree = "<group>"; };
		CE17CD3324BF0D26006E8407 /* Assets.xcassets */ = {isa = PBXFileReference; lastKnownFileType = folder.assetcatalog; path = Assets.xcassets; sourceTree = "<group>"; };
		CE17CD3624BF0D26006E8407 /* Base */ = {isa = PBXFileReference; lastKnownFileType = file.storyboard; name = Base; path = Base.lproj/LaunchScreen.storyboard; sourceTree = "<group>"; };
		CE17CD3824BF0D26006E8407 /* Info.plist */ = {isa = PBXFileReference; lastKnownFileType = text.plist.xml; path = Info.plist; sourceTree = "<group>"; };
		CE17CD4424BF1299006E8407 /* LoginViewController.swift */ = {isa = PBXFileReference; lastKnownFileType = sourcecode.swift; path = LoginViewController.swift; sourceTree = "<group>"; };
		CE17CD4624BF12AD006E8407 /* RegisterViewController.swift */ = {isa = PBXFileReference; lastKnownFileType = sourcecode.swift; path = RegisterViewController.swift; sourceTree = "<group>"; };
		CE17CD4824BF12E6006E8407 /* PhotoViewerViewController.swift */ = {isa = PBXFileReference; lastKnownFileType = sourcecode.swift; path = PhotoViewerViewController.swift; sourceTree = "<group>"; };
		CE17CD4A24BF12FD006E8407 /* VideoPlayerViewController.swift */ = {isa = PBXFileReference; lastKnownFileType = sourcecode.swift; path = VideoPlayerViewController.swift; sourceTree = "<group>"; };
		CE17CD4C24BF1321006E8407 /* NewConversationViewController.swift */ = {isa = PBXFileReference; lastKnownFileType = sourcecode.swift; path = NewConversationViewController.swift; sourceTree = "<group>"; };
		CE17CD4E24BF132F006E8407 /* ProfileViewController.swift */ = {isa = PBXFileReference; lastKnownFileType = sourcecode.swift; path = ProfileViewController.swift; sourceTree = "<group>"; };
		CE17CD5124BF44B5006E8407 /* Extensions.swift */ = {isa = PBXFileReference; lastKnownFileType = sourcecode.swift; path = Extensions.swift; sourceTree = "<group>"; };
		CE17CD5324C1CDC5006E8407 /* GoogleService-Info.plist */ = {isa = PBXFileReference; fileEncoding = 4; lastKnownFileType = text.plist.xml; path = "GoogleService-Info.plist"; sourceTree = "<group>"; };
		CE51AC0524C95C080009DB25 /* ChatViewController.swift */ = {isa = PBXFileReference; lastKnownFileType = sourcecode.swift; path = ChatViewController.swift; sourceTree = "<group>"; };
		CE57161824C2EF2A004AD0C1 /* DatabaseManager.swift */ = {isa = PBXFileReference; lastKnownFileType = sourcecode.swift; path = DatabaseManager.swift; sourceTree = "<group>"; };
		D931274060E3DE361AF45555 /* Pods_Messenger.framework */ = {isa = PBXFileReference; explicitFileType = wrapper.framework; includeInIndex = 0; path = Pods_Messenger.framework; sourceTree = BUILT_PRODUCTS_DIR; };
/* End PBXFileReference section */

/* Begin PBXFrameworksBuildPhase section */
		CE17CD2424BF0D24006E8407 /* Frameworks */ = {
			isa = PBXFrameworksBuildPhase;
			buildActionMask = 2147483647;
			files = (
				13D7CF6F142369E88BE96BB8 /* Pods_Messenger.framework in Frameworks */,
			);
			runOnlyForDeploymentPostprocessing = 0;
		};
/* End PBXFrameworksBuildPhase section */

/* Begin PBXGroup section */
		87C32451E1A7A326C07A5F8C /* Frameworks */ = {
			isa = PBXGroup;
			children = (
				D931274060E3DE361AF45555 /* Pods_Messenger.framework */,
			);
			name = Frameworks;
			sourceTree = "<group>";
		};
		CE17CD1E24BF0D24006E8407 = {
			isa = PBXGroup;
			children = (
				CE17CD2924BF0D24006E8407 /* Messenger */,
				CE17CD2824BF0D24006E8407 /* Products */,
				E0B4E452E0B127500BB55770 /* Pods */,
				87C32451E1A7A326C07A5F8C /* Frameworks */,
			);
			sourceTree = "<group>";
		};
		CE17CD2824BF0D24006E8407 /* Products */ = {
			isa = PBXGroup;
			children = (
				CE17CD2724BF0D24006E8407 /* Messenger.app */,
			);
			name = Products;
			sourceTree = "<group>";
		};
		CE17CD2924BF0D24006E8407 /* Messenger */ = {
			isa = PBXGroup;
			children = (
				CE17CD5324C1CDC5006E8407 /* GoogleService-Info.plist */,
				CE17CD4224BF10B0006E8407 /* Resources */,
				CE17CD4124BF10A7006E8407 /* ViewModels */,
				CE17CD4024BF108E006E8407 /* Models */,
				CE17CD3F24BF1087006E8407 /* Views */,
				CE17CD3E24BF105F006E8407 /* Controllers */,
				CE17CD3824BF0D26006E8407 /* Info.plist */,
			);
			path = Messenger;
			sourceTree = "<group>";
		};
		CE17CD3E24BF105F006E8407 /* Controllers */ = {
			isa = PBXGroup;
			children = (
				CE17CD2E24BF0D24006E8407 /* ConversationsViewController.swift */,
				CE17CD5024BF2FC0006E8407 /* Login */,
				CE17CD4824BF12E6006E8407 /* PhotoViewerViewController.swift */,
				CE17CD4A24BF12FD006E8407 /* VideoPlayerViewController.swift */,
				CE17CD4C24BF1321006E8407 /* NewConversationViewController.swift */,
				CE17CD4E24BF132F006E8407 /* ProfileViewController.swift */,
				CE51AC0524C95C080009DB25 /* ChatViewController.swift */,
			);
			path = Controllers;
			sourceTree = "<group>";
		};
		CE17CD3F24BF1087006E8407 /* Views */ = {
			isa = PBXGroup;
			children = (
				CE17CD4324BF10F6006E8407 /* Storyboards */,
				CE17CD3324BF0D26006E8407 /* Assets.xcassets */,
			);
			path = Views;
			sourceTree = "<group>";
		};
		CE17CD4024BF108E006E8407 /* Models */ = {
			isa = PBXGroup;
			children = (
			);
			path = Models;
			sourceTree = "<group>";
		};
		CE17CD4124BF10A7006E8407 /* ViewModels */ = {
			isa = PBXGroup;
			children = (
			);
			path = ViewModels;
			sourceTree = "<group>";
		};
		CE17CD4224BF10B0006E8407 /* Resources */ = {
			isa = PBXGroup;
			children = (
				CE17CD2A24BF0D24006E8407 /* AppDelegate.swift */,
				CE17CD2C24BF0D24006E8407 /* SceneDelegate.swift */,
				CE17CD5124BF44B5006E8407 /* Extensions.swift */,
				CE57161824C2EF2A004AD0C1 /* DatabaseManager.swift */,
			);
			path = Resources;
			sourceTree = "<group>";
		};
		CE17CD4324BF10F6006E8407 /* Storyboards */ = {
			isa = PBXGroup;
			children = (
				CE17CD3024BF0D24006E8407 /* Main.storyboard */,
				CE17CD3524BF0D26006E8407 /* LaunchScreen.storyboard */,
			);
			path = Storyboards;
			sourceTree = "<group>";
		};
		CE17CD5024BF2FC0006E8407 /* Login */ = {
			isa = PBXGroup;
			children = (
				CE17CD4424BF1299006E8407 /* LoginViewController.swift */,
				CE17CD4624BF12AD006E8407 /* RegisterViewController.swift */,
			);
			path = Login;
			sourceTree = "<group>";
		};
		E0B4E452E0B127500BB55770 /* Pods */ = {
			isa = PBXGroup;
			children = (
				91531FF97BB60BFAD221682A /* Pods-Messenger.debug.xcconfig */,
				5767FBB5EE722B5D181E0D67 /* Pods-Messenger.release.xcconfig */,
			);
			path = Pods;
			sourceTree = "<group>";
		};
/* End PBXGroup section */

/* Begin PBXNativeTarget section */
		CE17CD2624BF0D24006E8407 /* Messenger */ = {
			isa = PBXNativeTarget;
			buildConfigurationList = CE17CD3B24BF0D26006E8407 /* Build configuration list for PBXNativeTarget "Messenger" */;
			buildPhases = (
				D8DAA869AD5C97C8305E4C09 /* [CP] Check Pods Manifest.lock */,
				CE17CD2324BF0D24006E8407 /* Sources */,
				CE17CD2424BF0D24006E8407 /* Frameworks */,
				CE17CD2524BF0D24006E8407 /* Resources */,
				59067DAD53A3CF32BC49C71B /* [CP] Embed Pods Frameworks */,
				5413F5CF99651A03BCCBD4E3 /* [CP] Copy Pods Resources */,
			);
			buildRules = (
			);
			dependencies = (
			);
			name = Messenger;
			productName = Messenger;
			productReference = CE17CD2724BF0D24006E8407 /* Messenger.app */;
			productType = "com.apple.product-type.application";
		};
/* End PBXNativeTarget section */

/* Begin PBXProject section */
		CE17CD1F24BF0D24006E8407 /* Project object */ = {
			isa = PBXProject;
			attributes = {
				LastSwiftUpdateCheck = 1130;
				LastUpgradeCheck = 1130;
				ORGANIZATIONNAME = "Syrym Zhursin";
				TargetAttributes = {
					CE17CD2624BF0D24006E8407 = {
						CreatedOnToolsVersion = 11.3.1;
					};
				};
			};
			buildConfigurationList = CE17CD2224BF0D24006E8407 /* Build configuration list for PBXProject "Messenger" */;
			compatibilityVersion = "Xcode 9.3";
			developmentRegion = en;
			hasScannedForEncodings = 0;
			knownRegions = (
				en,
				Base,
			);
			mainGroup = CE17CD1E24BF0D24006E8407;
			productRefGroup = CE17CD2824BF0D24006E8407 /* Products */;
			projectDirPath = "";
			projectRoot = "";
			targets = (
				CE17CD2624BF0D24006E8407 /* Messenger */,
			);
		};
/* End PBXProject section */

/* Begin PBXResourcesBuildPhase section */
		CE17CD2524BF0D24006E8407 /* Resources */ = {
			isa = PBXResourcesBuildPhase;
			buildActionMask = 2147483647;
			files = (
				CE17CD3724BF0D26006E8407 /* LaunchScreen.storyboard in Resources */,
				CE17CD5424C1CDC5006E8407 /* GoogleService-Info.plist in Resources */,
				CE17CD3424BF0D26006E8407 /* Assets.xcassets in Resources */,
				CE17CD3224BF0D24006E8407 /* Main.storyboard in Resources */,
			);
			runOnlyForDeploymentPostprocessing = 0;
		};
/* End PBXResourcesBuildPhase section */

/* Begin PBXShellScriptBuildPhase section */
		5413F5CF99651A03BCCBD4E3 /* [CP] Copy Pods Resources */ = {
			isa = PBXShellScriptBuildPhase;
			buildActionMask = 2147483647;
			files = (
			);
			inputFileListPaths = (
				"${PODS_ROOT}/Target Support Files/Pods-Messenger/Pods-Messenger-resources-${CONFIGURATION}-input-files.xcfilelist",
			);
			name = "[CP] Copy Pods Resources";
			outputFileListPaths = (
				"${PODS_ROOT}/Target Support Files/Pods-Messenger/Pods-Messenger-resources-${CONFIGURATION}-output-files.xcfilelist",
			);
			runOnlyForDeploymentPostprocessing = 0;
			shellPath = /bin/sh;
			shellScript = "\"${PODS_ROOT}/Target Support Files/Pods-Messenger/Pods-Messenger-resources.sh\"\n";
			showEnvVarsInLog = 0;
		};
		59067DAD53A3CF32BC49C71B /* [CP] Embed Pods Frameworks */ = {
			isa = PBXShellScriptBuildPhase;
			buildActionMask = 2147483647;
			files = (
			);
			inputFileListPaths = (
				"${PODS_ROOT}/Target Support Files/Pods-Messenger/Pods-Messenger-frameworks-${CONFIGURATION}-input-files.xcfilelist",
			);
			name = "[CP] Embed Pods Frameworks";
			outputFileListPaths = (
				"${PODS_ROOT}/Target Support Files/Pods-Messenger/Pods-Messenger-frameworks-${CONFIGURATION}-output-files.xcfilelist",
			);
			runOnlyForDeploymentPostprocessing = 0;
			shellPath = /bin/sh;
			shellScript = "\"${PODS_ROOT}/Target Support Files/Pods-Messenger/Pods-Messenger-frameworks.sh\"\n";
			showEnvVarsInLog = 0;
		};
		D8DAA869AD5C97C8305E4C09 /* [CP] Check Pods Manifest.lock */ = {
			isa = PBXShellScriptBuildPhase;
			buildActionMask = 2147483647;
			files = (
			);
			inputFileListPaths = (
			);
			inputPaths = (
				"${PODS_PODFILE_DIR_PATH}/Podfile.lock",
				"${PODS_ROOT}/Manifest.lock",
			);
			name = "[CP] Check Pods Manifest.lock";
			outputFileListPaths = (
			);
			outputPaths = (
				"$(DERIVED_FILE_DIR)/Pods-Messenger-checkManifestLockResult.txt",
			);
			runOnlyForDeploymentPostprocessing = 0;
			shellPath = /bin/sh;
			shellScript = "diff \"${PODS_PODFILE_DIR_PATH}/Podfile.lock\" \"${PODS_ROOT}/Manifest.lock\" > /dev/null\nif [ $? != 0 ] ; then\n    # print error to STDERR\n    echo \"error: The sandbox is not in sync with the Podfile.lock. Run 'pod install' or update your CocoaPods installation.\" >&2\n    exit 1\nfi\n# This output is used by Xcode 'outputs' to avoid re-running this script phase.\necho \"SUCCESS\" > \"${SCRIPT_OUTPUT_FILE_0}\"\n";
			showEnvVarsInLog = 0;
		};
/* End PBXShellScriptBuildPhase section */

/* Begin PBXSourcesBuildPhase section */
		CE17CD2324BF0D24006E8407 /* Sources */ = {
			isa = PBXSourcesBuildPhase;
			buildActionMask = 2147483647;
			files = (
				CE17CD4524BF1299006E8407 /* LoginViewController.swift in Sources */,
				CE57161924C2EF2A004AD0C1 /* DatabaseManager.swift in Sources */,
				CE17CD4724BF12AD006E8407 /* RegisterViewController.swift in Sources */,
				CE17CD4D24BF1321006E8407 /* NewConversationViewController.swift in Sources */,
				CE17CD2F24BF0D24006E8407 /* ConversationsViewController.swift in Sources */,
				CE17CD4B24BF12FD006E8407 /* VideoPlayerViewController.swift in Sources */,
				CE17CD5224BF44B5006E8407 /* Extensions.swift in Sources */,
				CE17CD2B24BF0D24006E8407 /* AppDelegate.swift in Sources */,
				CE17CD4F24BF132F006E8407 /* ProfileViewController.swift in Sources */,
				CE17CD2D24BF0D24006E8407 /* SceneDelegate.swift in Sources */,
				CE51AC0624C95C080009DB25 /* ChatViewController.swift in Sources */,
				CE17CD4924BF12E6006E8407 /* PhotoViewerViewController.swift in Sources */,
			);
			runOnlyForDeploymentPostprocessing = 0;
		};
/* End PBXSourcesBuildPhase section */

/* Begin PBXVariantGroup section */
		CE17CD3024BF0D24006E8407 /* Main.storyboard */ = {
			isa = PBXVariantGroup;
			children = (
				CE17CD3124BF0D24006E8407 /* Base */,
			);
			name = Main.storyboard;
			sourceTree = "<group>";
		};
		CE17CD3524BF0D26006E8407 /* LaunchScreen.storyboard */ = {
			isa = PBXVariantGroup;
			children = (
				CE17CD3624BF0D26006E8407 /* Base */,
			);
			name = LaunchScreen.storyboard;
			sourceTree = "<group>";
		};
/* End PBXVariantGroup section */

/* Begin XCBuildConfiguration section */
		CE17CD3924BF0D26006E8407 /* Debug */ = {
			isa = XCBuildConfiguration;
			buildSettings = {
				ALWAYS_SEARCH_USER_PATHS = NO;
				CLANG_ANALYZER_NONNULL = YES;
				CLANG_ANALYZER_NUMBER_OBJECT_CONVERSION = YES_AGGRESSIVE;
				CLANG_CXX_LANGUAGE_STANDARD = "gnu++14";
				CLANG_CXX_LIBRARY = "libc++";
				CLANG_ENABLE_MODULES = YES;
				CLANG_ENABLE_OBJC_ARC = YES;
				CLANG_ENABLE_OBJC_WEAK = YES;
				CLANG_WARN_BLOCK_CAPTURE_AUTORELEASING = YES;
				CLANG_WARN_BOOL_CONVERSION = YES;
				CLANG_WARN_COMMA = YES;
				CLANG_WARN_CONSTANT_CONVERSION = YES;
				CLANG_WARN_DEPRECATED_OBJC_IMPLEMENTATIONS = YES;
				CLANG_WARN_DIRECT_OBJC_ISA_USAGE = YES_ERROR;
				CLANG_WARN_DOCUMENTATION_COMMENTS = YES;
				CLANG_WARN_EMPTY_BODY = YES;
				CLANG_WARN_ENUM_CONVERSION = YES;
				CLANG_WARN_INFINITE_RECURSION = YES;
				CLANG_WARN_INT_CONVERSION = YES;
				CLANG_WARN_NON_LITERAL_NULL_CONVERSION = YES;
				CLANG_WARN_OBJC_IMPLICIT_RETAIN_SELF = YES;
				CLANG_WARN_OBJC_LITERAL_CONVERSION = YES;
				CLANG_WARN_OBJC_ROOT_CLASS = YES_ERROR;
				CLANG_WARN_RANGE_LOOP_ANALYSIS = YES;
				CLANG_WARN_STRICT_PROTOTYPES = YES;
				CLANG_WARN_SUSPICIOUS_MOVE = YES;
				CLANG_WARN_UNGUARDED_AVAILABILITY = YES_AGGRESSIVE;
				CLANG_WARN_UNREACHABLE_CODE = YES;
				CLANG_WARN__DUPLICATE_METHOD_MATCH = YES;
				COPY_PHASE_STRIP = NO;
				DEBUG_INFORMATION_FORMAT = dwarf;
				ENABLE_STRICT_OBJC_MSGSEND = YES;
				ENABLE_TESTABILITY = YES;
				GCC_C_LANGUAGE_STANDARD = gnu11;
				GCC_DYNAMIC_NO_PIC = NO;
				GCC_NO_COMMON_BLOCKS = YES;
				GCC_OPTIMIZATION_LEVEL = 0;
				GCC_PREPROCESSOR_DEFINITIONS = (
					"DEBUG=1",
					"$(inherited)",
				);
				GCC_WARN_64_TO_32_BIT_CONVERSION = YES;
				GCC_WARN_ABOUT_RETURN_TYPE = YES_ERROR;
				GCC_WARN_UNDECLARED_SELECTOR = YES;
				GCC_WARN_UNINITIALIZED_AUTOS = YES_AGGRESSIVE;
				GCC_WARN_UNUSED_FUNCTION = YES;
				GCC_WARN_UNUSED_VARIABLE = YES;
				IPHONEOS_DEPLOYMENT_TARGET = 13.2;
				MTL_ENABLE_DEBUG_INFO = INCLUDE_SOURCE;
				MTL_FAST_MATH = YES;
				ONLY_ACTIVE_ARCH = YES;
				SDKROOT = iphoneos;
				SWIFT_ACTIVE_COMPILATION_CONDITIONS = DEBUG;
				SWIFT_OPTIMIZATION_LEVEL = "-Onone";
			};
			name = Debug;
		};
		CE17CD3A24BF0D26006E8407 /* Release */ = {
			isa = XCBuildConfiguration;
			buildSettings = {
				ALWAYS_SEARCH_USER_PATHS = NO;
				CLANG_ANALYZER_NONNULL = YES;
				CLANG_ANALYZER_NUMBER_OBJECT_CONVERSION = YES_AGGRESSIVE;
				CLANG_CXX_LANGUAGE_STANDARD = "gnu++14";
				CLANG_CXX_LIBRARY = "libc++";
				CLANG_ENABLE_MODULES = YES;
				CLANG_ENABLE_OBJC_ARC = YES;
				CLANG_ENABLE_OBJC_WEAK = YES;
				CLANG_WARN_BLOCK_CAPTURE_AUTORELEASING = YES;
				CLANG_WARN_BOOL_CONVERSION = YES;
				CLANG_WARN_COMMA = YES;
				CLANG_WARN_CONSTANT_CONVERSION = YES;
				CLANG_WARN_DEPRECATED_OBJC_IMPLEMENTATIONS = YES;
				CLANG_WARN_DIRECT_OBJC_ISA_USAGE = YES_ERROR;
				CLANG_WARN_DOCUMENTATION_COMMENTS = YES;
				CLANG_WARN_EMPTY_BODY = YES;
				CLANG_WARN_ENUM_CONVERSION = YES;
				CLANG_WARN_INFINITE_RECURSION = YES;
				CLANG_WARN_INT_CONVERSION = YES;
				CLANG_WARN_NON_LITERAL_NULL_CONVERSION = YES;
				CLANG_WARN_OBJC_IMPLICIT_RETAIN_SELF = YES;
				CLANG_WARN_OBJC_LITERAL_CONVERSION = YES;
				CLANG_WARN_OBJC_ROOT_CLASS = YES_ERROR;
				CLANG_WARN_RANGE_LOOP_ANALYSIS = YES;
				CLANG_WARN_STRICT_PROTOTYPES = YES;
				CLANG_WARN_SUSPICIOUS_MOVE = YES;
				CLANG_WARN_UNGUARDED_AVAILABILITY = YES_AGGRESSIVE;
				CLANG_WARN_UNREACHABLE_CODE = YES;
				CLANG_WARN__DUPLICATE_METHOD_MATCH = YES;
				COPY_PHASE_STRIP = NO;
				DEBUG_INFORMATION_FORMAT = "dwarf-with-dsym";
				ENABLE_NS_ASSERTIONS = NO;
				ENABLE_STRICT_OBJC_MSGSEND = YES;
				GCC_C_LANGUAGE_STANDARD = gnu11;
				GCC_NO_COMMON_BLOCKS = YES;
				GCC_WARN_64_TO_32_BIT_CONVERSION = YES;
				GCC_WARN_ABOUT_RETURN_TYPE = YES_ERROR;
				GCC_WARN_UNDECLARED_SELECTOR = YES;
				GCC_WARN_UNINITIALIZED_AUTOS = YES_AGGRESSIVE;
				GCC_WARN_UNUSED_FUNCTION = YES;
				GCC_WARN_UNUSED_VARIABLE = YES;
				IPHONEOS_DEPLOYMENT_TARGET = 13.2;
				MTL_ENABLE_DEBUG_INFO = NO;
				MTL_FAST_MATH = YES;
				SDKROOT = iphoneos;
				SWIFT_COMPILATION_MODE = wholemodule;
				SWIFT_OPTIMIZATION_LEVEL = "-O";
				VALIDATE_PRODUCT = YES;
			};
			name = Release;
		};
		CE17CD3C24BF0D26006E8407 /* Debug */ = {
			isa = XCBuildConfiguration;
			baseConfigurationReference = 91531FF97BB60BFAD221682A /* Pods-Messenger.debug.xcconfig */;
			buildSettings = {
				ASSETCATALOG_COMPILER_APPICON_NAME = AppIcon;
				CODE_SIGN_STYLE = Automatic;
				INFOPLIST_FILE = Messenger/Info.plist;
				LD_RUNPATH_SEARCH_PATHS = (
					"$(inherited)",
					"@executable_path/Frameworks",
				);
				PRODUCT_BUNDLE_IDENTIFIER = "Syrym-Zhursin.Messenger";
				PRODUCT_NAME = "$(TARGET_NAME)";
				SWIFT_VERSION = 5.0;
				TARGETED_DEVICE_FAMILY = "1,2";
			};
			name = Debug;
		};
		CE17CD3D24BF0D26006E8407 /* Release */ = {
			isa = XCBuildConfiguration;
			baseConfigurationReference = 5767FBB5EE722B5D181E0D67 /* Pods-Messenger.release.xcconfig */;
			buildSettings = {
				ASSETCATALOG_COMPILER_APPICON_NAME = AppIcon;
				CODE_SIGN_STYLE = Automatic;
				INFOPLIST_FILE = Messenger/Info.plist;
				LD_RUNPATH_SEARCH_PATHS = (
					"$(inherited)",
					"@executable_path/Frameworks",
				);
				PRODUCT_BUNDLE_IDENTIFIER = "Syrym-Zhursin.Messenger";
				PRODUCT_NAME = "$(TARGET_NAME)";
				SWIFT_VERSION = 5.0;
				TARGETED_DEVICE_FAMILY = "1,2";
			};
			name = Release;
		};
/* End XCBuildConfiguration section */

/* Begin XCConfigurationList section */
		CE17CD2224BF0D24006E8407 /* Build configuration list for PBXProject "Messenger" */ = {
			isa = XCConfigurationList;
			buildConfigurations = (
				CE17CD3924BF0D26006E8407 /* Debug */,
				CE17CD3A24BF0D26006E8407 /* Release */,
			);
			defaultConfigurationIsVisible = 0;
			defaultConfigurationName = Release;
		};
		CE17CD3B24BF0D26006E8407 /* Build configuration list for PBXNativeTarget "Messenger" */ = {
			isa = XCConfigurationList;
			buildConfigurations = (
				CE17CD3C24BF0D26006E8407 /* Debug */,
				CE17CD3D24BF0D26006E8407 /* Release */,
			);
			defaultConfigurationIsVisible = 0;
			defaultConfigurationName = Release;
		};
/* End XCConfigurationList section */
	};
	rootObject = CE17CD1F24BF0D24006E8407 /* Project object */;
}
